// !$*UTF8*$!
{
	archiveVersion = 1;
	classes = {
	};
	objectVersion = 50;
	objects = {

/* Begin PBXBuildFile section */
		7493C435243EF59200B7816A /* AppDelegate.swift in Sources */ = {isa = PBXBuildFile; fileRef = 7493C434243EF59200B7816A /* AppDelegate.swift */; };
		7493C437243EF59200B7816A /* SceneDelegate.swift in Sources */ = {isa = PBXBuildFile; fileRef = 7493C436243EF59200B7816A /* SceneDelegate.swift */; };
		7493C439243EF59200B7816A /* ViewController.swift in Sources */ = {isa = PBXBuildFile; fileRef = 7493C438243EF59200B7816A /* ViewController.swift */; };
		7493C43C243EF59200B7816A /* Main.storyboard in Resources */ = {isa = PBXBuildFile; fileRef = 7493C43A243EF59200B7816A /* Main.storyboard */; };
		7493C43E243EF59300B7816A /* Assets.xcassets in Resources */ = {isa = PBXBuildFile; fileRef = 7493C43D243EF59300B7816A /* Assets.xcassets */; };
		7493C441243EF59300B7816A /* LaunchScreen.storyboard in Resources */ = {isa = PBXBuildFile; fileRef = 7493C43F243EF59300B7816A /* LaunchScreen.storyboard */; };
		7493C44C243EF6DB00B7816A /* Hello.framework in Frameworks */ = {isa = PBXBuildFile; fileRef = 7493C44B243EF6DB00B7816A /* Hello.framework */; };
/* End PBXBuildFile section */

/* Begin PBXFileReference section */
		7493C431243EF59200B7816A /* SwiftDP_Example.app */ = {isa = PBXFileReference; explicitFileType = wrapper.application; includeInIndex = 0; path = SwiftDP_Example.app; sourceTree = BUILT_PRODUCTS_DIR; };
		7493C434243EF59200B7816A /* AppDelegate.swift */ = {isa = PBXFileReference; lastKnownFileType = sourcecode.swift; path = AppDelegate.swift; sourceTree = "<group>"; };
		7493C436243EF59200B7816A /* SceneDelegate.swift */ = {isa = PBXFileReference; lastKnownFileType = sourcecode.swift; path = SceneDelegate.swift; sourceTree = "<group>"; };
		7493C438243EF59200B7816A /* ViewController.swift */ = {isa = PBXFileReference; lastKnownFileType = sourcecode.swift; path = ViewController.swift; sourceTree = "<group>"; };
		7493C43B243EF59200B7816A /* Base */ = {isa = PBXFileReference; lastKnownFileType = file.storyboard; name = Base; path = Base.lproj/Main.storyboard; sourceTree = "<group>"; };
		7493C43D243EF59300B7816A /* Assets.xcassets */ = {isa = PBXFileReference; lastKnownFileType = folder.assetcatalog; path = Assets.xcassets; sourceTree = "<group>"; };
		7493C440243EF59300B7816A /* Base */ = {isa = PBXFileReference; lastKnownFileType = file.storyboard; name = Base; path = Base.lproj/LaunchScreen.storyboard; sourceTree = "<group>"; };
		7493C442243EF59300B7816A /* Info.plist */ = {isa = PBXFileReference; lastKnownFileType = text.plist.xml; path = Info.plist; sourceTree = "<group>"; };
		7493C448243EF6B900B7816A /* SwiftDP_Example-Bridging-Header.h */ = {isa = PBXFileReference; lastKnownFileType = sourcecode.c.h; path = "SwiftDP_Example-Bridging-Header.h"; sourceTree = "<group>"; };
		7493C44B243EF6DB00B7816A /* Hello.framework */ = {isa = PBXFileReference; lastKnownFileType = wrapper.framework; path = Hello.framework; sourceTree = "<group>"; };
/* End PBXFileReference section */

/* Begin PBXFrameworksBuildPhase section */
		7493C42E243EF59200B7816A /* Frameworks */ = {
			isa = PBXFrameworksBuildPhase;
			buildActionMask = 2147483647;
			files = (
				7493C44C243EF6DB00B7816A /* Hello.framework in Frameworks */,
			);
			runOnlyForDeploymentPostprocessing = 0;
		};
/* End PBXFrameworksBuildPhase section */

/* Begin PBXGroup section */
		7493C428243EF59200B7816A = {
			isa = PBXGroup;
			children = (
				7493C433243EF59200B7816A /* SwiftDP_Example */,
				7493C432243EF59200B7816A /* Products */,
				7493C44B243EF6DB00B7816A /* Hello.framework */,
			);
			sourceTree = "<group>";
		};
		7493C432243EF59200B7816A /* Products */ = {
			isa = PBXGroup;
			children = (
				7493C431243EF59200B7816A /* SwiftDP_Example.app */,
			);
			name = Products;
			sourceTree = "<group>";
		};
		7493C433243EF59200B7816A /* SwiftDP_Example */ = {
			isa = PBXGroup;
			children = (
				7493C434243EF59200B7816A /* AppDelegate.swift */,
				7493C436243EF59200B7816A /* SceneDelegate.swift */,
				7493C438243EF59200B7816A /* ViewController.swift */,
				7493C43A243EF59200B7816A /* Main.storyboard */,
				7493C43D243EF59300B7816A /* Assets.xcassets */,
				7493C43F243EF59300B7816A /* LaunchScreen.storyboard */,
				7493C442243EF59300B7816A /* Info.plist */,
				7493C448243EF6B900B7816A /* SwiftDP_Example-Bridging-Header.h */,
			);
			path = SwiftDP_Example;
			sourceTree = "<group>";
		};
/* End PBXGroup section */

/* Begin PBXNativeTarget section */
		7493C430243EF59200B7816A /* SwiftDP_Example */ = {
			isa = PBXNativeTarget;
			buildConfigurationList = 7493C445243EF59300B7816A /* Build configuration list for PBXNativeTarget "SwiftDP_Example" */;
			buildPhases = (
				7493C42D243EF59200B7816A /* Sources */,
				7493C42E243EF59200B7816A /* Frameworks */,
				7493C42F243EF59200B7816A /* Resources */,
			);
			buildRules = (
			);
			dependencies = (
			);
			name = SwiftDP_Example;
			productName = SwiftDP_Example;
			productReference = 7493C431243EF59200B7816A /* SwiftDP_Example.app */;
			productType = "com.apple.product-type.application";
		};
/* End PBXNativeTarget section */

/* Begin PBXProject section */
		7493C429243EF59200B7816A /* Project object */ = {
			isa = PBXProject;
			attributes = {
				LastSwiftUpdateCheck = 1140;
				LastUpgradeCheck = 1140;
				ORGANIZATIONNAME = OpenMined;
				TargetAttributes = {
					7493C430243EF59200B7816A = {
						CreatedOnToolsVersion = 11.4;
						LastSwiftMigration = 1140;
					};
				};
			};
			buildConfigurationList = 7493C42C243EF59200B7816A /* Build configuration list for PBXProject "SwiftDP_Example" */;
			compatibilityVersion = "Xcode 9.3";
			developmentRegion = en;
			hasScannedForEncodings = 0;
			knownRegions = (
				en,
				Base,
			);
			mainGroup = 7493C428243EF59200B7816A;
			productRefGroup = 7493C432243EF59200B7816A /* Products */;
			projectDirPath = "";
			projectRoot = "";
			targets = (
				7493C430243EF59200B7816A /* SwiftDP_Example */,
			);
		};
/* End PBXProject section */

/* Begin PBXResourcesBuildPhase section */
		7493C42F243EF59200B7816A /* Resources */ = {
			isa = PBXResourcesBuildPhase;
			buildActionMask = 2147483647;
			files = (
				7493C441243EF59300B7816A /* LaunchScreen.storyboard in Resources */,
				7493C43E243EF59300B7816A /* Assets.xcassets in Resources */,
				7493C43C243EF59200B7816A /* Main.storyboard in Resources */,
			);
			runOnlyForDeploymentPostprocessing = 0;
		};
/* End PBXResourcesBuildPhase section */

/* Begin PBXSourcesBuildPhase section */
		7493C42D243EF59200B7816A /* Sources */ = {
			isa = PBXSourcesBuildPhase;
			buildActionMask = 2147483647;
			files = (
				7493C439243EF59200B7816A /* ViewController.swift in Sources */,
				7493C435243EF59200B7816A /* AppDelegate.swift in Sources */,
				7493C437243EF59200B7816A /* SceneDelegate.swift in Sources */,
			);
			runOnlyForDeploymentPostprocessing = 0;
		};
/* End PBXSourcesBuildPhase section */

/* Begin PBXVariantGroup section */
		7493C43A243EF59200B7816A /* Main.storyboard */ = {
			isa = PBXVariantGroup;
			children = (
				7493C43B243EF59200B7816A /* Base */,
			);
			name = Main.storyboard;
			sourceTree = "<group>";
		};
		7493C43F243EF59300B7816A /* LaunchScreen.storyboard */ = {
			isa = PBXVariantGroup;
			children = (
				7493C440243EF59300B7816A /* Base */,
			);
			name = LaunchScreen.storyboard;
			sourceTree = "<group>";
		};
/* End PBXVariantGroup section */

/* Begin XCBuildConfiguration section */
		7493C443243EF59300B7816A /* Debug */ = {
			isa = XCBuildConfiguration;
			buildSettings = {
				ALWAYS_SEARCH_USER_PATHS = NO;
				CLANG_ANALYZER_NONNULL = YES;
				CLANG_ANALYZER_NUMBER_OBJECT_CONVERSION = YES_AGGRESSIVE;
				CLANG_CXX_LANGUAGE_STANDARD = "gnu++14";
				CLANG_CXX_LIBRARY = "libc++";
				CLANG_ENABLE_MODULES = YES;
				CLANG_ENABLE_OBJC_ARC = YES;
				CLANG_ENABLE_OBJC_WEAK = YES;
				CLANG_WARN_BLOCK_CAPTURE_AUTORELEASING = YES;
				CLANG_WARN_BOOL_CONVERSION = YES;
				CLANG_WARN_COMMA = YES;
				CLANG_WARN_CONSTANT_CONVERSION = YES;
				CLANG_WARN_DEPRECATED_OBJC_IMPLEMENTATIONS = YES;
				CLANG_WARN_DIRECT_OBJC_ISA_USAGE = YES_ERROR;
				CLANG_WARN_DOCUMENTATION_COMMENTS = YES;
				CLANG_WARN_EMPTY_BODY = YES;
				CLANG_WARN_ENUM_CONVERSION = YES;
				CLANG_WARN_INFINITE_RECURSION = YES;
				CLANG_WARN_INT_CONVERSION = YES;
				CLANG_WARN_NON_LITERAL_NULL_CONVERSION = YES;
				CLANG_WARN_OBJC_IMPLICIT_RETAIN_SELF = YES;
				CLANG_WARN_OBJC_LITERAL_CONVERSION = YES;
				CLANG_WARN_OBJC_ROOT_CLASS = YES_ERROR;
				CLANG_WARN_RANGE_LOOP_ANALYSIS = YES;
				CLANG_WARN_STRICT_PROTOTYPES = YES;
				CLANG_WARN_SUSPICIOUS_MOVE = YES;
				CLANG_WARN_UNGUARDED_AVAILABILITY = YES_AGGRESSIVE;
				CLANG_WARN_UNREACHABLE_CODE = YES;
				CLANG_WARN__DUPLICATE_METHOD_MATCH = YES;
				COPY_PHASE_STRIP = NO;
				DEBUG_INFORMATION_FORMAT = dwarf;
				ENABLE_STRICT_OBJC_MSGSEND = YES;
				ENABLE_TESTABILITY = YES;
				GCC_C_LANGUAGE_STANDARD = gnu11;
				GCC_DYNAMIC_NO_PIC = NO;
				GCC_NO_COMMON_BLOCKS = YES;
				GCC_OPTIMIZATION_LEVEL = 0;
				GCC_PREPROCESSOR_DEFINITIONS = (
					"DEBUG=1",
					"$(inherited)",
				);
				GCC_WARN_64_TO_32_BIT_CONVERSION = YES;
				GCC_WARN_ABOUT_RETURN_TYPE = YES_ERROR;
				GCC_WARN_UNDECLARED_SELECTOR = YES;
				GCC_WARN_UNINITIALIZED_AUTOS = YES_AGGRESSIVE;
				GCC_WARN_UNUSED_FUNCTION = YES;
				GCC_WARN_UNUSED_VARIABLE = YES;
				IPHONEOS_DEPLOYMENT_TARGET = 13.4;
				MTL_ENABLE_DEBUG_INFO = INCLUDE_SOURCE;
				MTL_FAST_MATH = YES;
				ONLY_ACTIVE_ARCH = YES;
				SDKROOT = iphoneos;
				SWIFT_ACTIVE_COMPILATION_CONDITIONS = DEBUG;
				SWIFT_OPTIMIZATION_LEVEL = "-Onone";
			};
			name = Debug;
		};
		7493C444243EF59300B7816A /* Release */ = {
			isa = XCBuildConfiguration;
			buildSettings = {
				ALWAYS_SEARCH_USER_PATHS = NO;
				CLANG_ANALYZER_NONNULL = YES;
				CLANG_ANALYZER_NUMBER_OBJECT_CONVERSION = YES_AGGRESSIVE;
				CLANG_CXX_LANGUAGE_STANDARD = "gnu++14";
				CLANG_CXX_LIBRARY = "libc++";
				CLANG_ENABLE_MODULES = YES;
				CLANG_ENABLE_OBJC_ARC = YES;
				CLANG_ENABLE_OBJC_WEAK = YES;
				CLANG_WARN_BLOCK_CAPTURE_AUTORELEASING = YES;
				CLANG_WARN_BOOL_CONVERSION = YES;
				CLANG_WARN_COMMA = YES;
				CLANG_WARN_CONSTANT_CONVERSION = YES;
				CLANG_WARN_DEPRECATED_OBJC_IMPLEMENTATIONS = YES;
				CLANG_WARN_DIRECT_OBJC_ISA_USAGE = YES_ERROR;
				CLANG_WARN_DOCUMENTATION_COMMENTS = YES;
				CLANG_WARN_EMPTY_BODY = YES;
				CLANG_WARN_ENUM_CONVERSION = YES;
				CLANG_WARN_INFINITE_RECURSION = YES;
				CLANG_WARN_INT_CONVERSION = YES;
				CLANG_WARN_NON_LITERAL_NULL_CONVERSION = YES;
				CLANG_WARN_OBJC_IMPLICIT_RETAIN_SELF = YES;
				CLANG_WARN_OBJC_LITERAL_CONVERSION = YES;
				CLANG_WARN_OBJC_ROOT_CLASS = YES_ERROR;
				CLANG_WARN_RANGE_LOOP_ANALYSIS = YES;
				CLANG_WARN_STRICT_PROTOTYPES = YES;
				CLANG_WARN_SUSPICIOUS_MOVE = YES;
				CLANG_WARN_UNGUARDED_AVAILABILITY = YES_AGGRESSIVE;
				CLANG_WARN_UNREACHABLE_CODE = YES;
				CLANG_WARN__DUPLICATE_METHOD_MATCH = YES;
				COPY_PHASE_STRIP = NO;
				DEBUG_INFORMATION_FORMAT = "dwarf-with-dsym";
				ENABLE_NS_ASSERTIONS = NO;
				ENABLE_STRICT_OBJC_MSGSEND = YES;
				GCC_C_LANGUAGE_STANDARD = gnu11;
				GCC_NO_COMMON_BLOCKS = YES;
				GCC_WARN_64_TO_32_BIT_CONVERSION = YES;
				GCC_WARN_ABOUT_RETURN_TYPE = YES_ERROR;
				GCC_WARN_UNDECLARED_SELECTOR = YES;
				GCC_WARN_UNINITIALIZED_AUTOS = YES_AGGRESSIVE;
				GCC_WARN_UNUSED_FUNCTION = YES;
				GCC_WARN_UNUSED_VARIABLE = YES;
				IPHONEOS_DEPLOYMENT_TARGET = 13.4;
				MTL_ENABLE_DEBUG_INFO = NO;
				MTL_FAST_MATH = YES;
				SDKROOT = iphoneos;
				SWIFT_COMPILATION_MODE = wholemodule;
				SWIFT_OPTIMIZATION_LEVEL = "-O";
				VALIDATE_PRODUCT = YES;
			};
			name = Release;
		};
		7493C446243EF59300B7816A /* Debug */ = {
			isa = XCBuildConfiguration;
			buildSettings = {
				ASSETCATALOG_COMPILER_APPICON_NAME = AppIcon;
				CLANG_ENABLE_MODULES = YES;
				CODE_SIGN_STYLE = Automatic;
				FRAMEWORK_SEARCH_PATHS = (
					"$(inherited)",
					"$(PROJECT_DIR)",
				);
				INFOPLIST_FILE = SwiftDP_Example/Info.plist;
				LD_RUNPATH_SEARCH_PATHS = (
					"$(inherited)",
					"@executable_path/Frameworks",
				);
				MARKETING_VERSION = 0.1;
				OTHER_LDFLAGS = "-lc++";
				PRODUCT_BUNDLE_IDENTIFIER = "org.openmined.SwiftDP-Example";
				PRODUCT_NAME = "$(TARGET_NAME)";
				SWIFT_OBJC_BRIDGING_HEADER = "SwiftDP_Example/SwiftDP_Example-Bridging-Header.h";
				SWIFT_OPTIMIZATION_LEVEL = "-Onone";
				SWIFT_VERSION = 5.0;
				TARGETED_DEVICE_FAMILY = "1,2";
			};
			name = Debug;
		};
		7493C447243EF59300B7816A /* Release */ = {
			isa = XCBuildConfiguration;
			buildSettings = {
				ASSETCATALOG_COMPILER_APPICON_NAME = AppIcon;
				CLANG_ENABLE_MODULES = YES;
				CODE_SIGN_STYLE = Automatic;
				FRAMEWORK_SEARCH_PATHS = (
					"$(inherited)",
					"$(PROJECT_DIR)",
				);
				INFOPLIST_FILE = SwiftDP_Example/Info.plist;
				LD_RUNPATH_SEARCH_PATHS = (
					"$(inherited)",
					"@executable_path/Frameworks",
				);
				MARKETING_VERSION = 0.1;
				OTHER_LDFLAGS = "-lc++";
				PRODUCT_BUNDLE_IDENTIFIER = "org.openmined.SwiftDP-Example";
				PRODUCT_NAME = "$(TARGET_NAME)";
				SWIFT_OBJC_BRIDGING_HEADER = "SwiftDP_Example/SwiftDP_Example-Bridging-Header.h";
				SWIFT_VERSION = 5.0;
				TARGETED_DEVICE_FAMILY = "1,2";
			};
			name = Release;
		};
/* End XCBuildConfiguration section */

/* Begin XCConfigurationList section */
		7493C42C243EF59200B7816A /* Build configuration list for PBXProject "SwiftDP_Example" */ = {
			isa = XCConfigurationList;
			buildConfigurations = (
				7493C443243EF59300B7816A /* Debug */,
				7493C444243EF59300B7816A /* Release */,
			);
			defaultConfigurationIsVisible = 0;
			defaultConfigurationName = Release;
		};
		7493C445243EF59300B7816A /* Build configuration list for PBXNativeTarget "SwiftDP_Example" */ = {
			isa = XCConfigurationList;
			buildConfigurations = (
				7493C446243EF59300B7816A /* Debug */,
				7493C447243EF59300B7816A /* Release */,
			);
			defaultConfigurationIsVisible = 0;
			defaultConfigurationName = Release;
		};
/* End XCConfigurationList section */
	};
	rootObject = 7493C429243EF59200B7816A /* Project object */;
}
